
Microsoft Visual Studio Solution File, Format Version 12.00
# Visual Studio 2012
Project("{FAE04EC0-301F-11D3-BF4B-00C04F79EFBC}") = "XeroAPPFramework", "XeroAPPFramework\XeroAPPFramework.csproj", "{0039EFEB-42AD-4EB7-838A-8077563189AF}"
EndProject
Project("{2150E333-8FDC-42A3-9474-1A3956D46DE8}") = "Solution Items", "Solution Items", "{F304E93A-EBE1-4F5F-9F55-21F2B25C5483}"
	ProjectSection(SolutionItems) = preProject
		XeroTestSettings.testsettings = XeroTestSettings.testsettings
	EndProjectSection
EndProject
Project("{FAE04EC0-301F-11D3-BF4B-00C04F79EFBC}") = "XeroTest", "XeroAutoamtion\XeroTest.csproj", "{A4ACBD75-6E0E-41BC-9DDC-610E9364183A}"
EndProject
Global
	GlobalSection(SolutionConfigurationPlatforms) = preSolution
		Debug|Any CPU = Debug|Any CPU
		Release|Any CPU = Release|Any CPU
	EndGlobalSection
	GlobalSection(ProjectConfigurationPlatforms) = postSolution
		{0039EFEB-42AD-4EB7-838A-8077563189AF}.Debug|Any CPU.ActiveCfg = Debug|Any CPU
		{0039EFEB-42AD-4EB7-838A-8077563189AF}.Debug|Any CPU.Build.0 = Debug|Any CPU
		{0039EFEB-42AD-4EB7-838A-8077563189AF}.Release|Any CPU.ActiveCfg = Release|Any CPU
		{0039EFEB-42AD-4EB7-838A-8077563189AF}.Release|Any CPU.Build.0 = Release|Any CPU
		{A4ACBD75-6E0E-41BC-9DDC-610E9364183A}.Debug|Any CPU.ActiveCfg = Debug|Any CPU
		{A4ACBD75-6E0E-41BC-9DDC-610E9364183A}.Debug|Any CPU.Build.0 = Debug|Any CPU
		{A4ACBD75-6E0E-41BC-9DDC-610E9364183A}.Release|Any CPU.ActiveCfg = Release|Any CPU
		{A4ACBD75-6E0E-41BC-9DDC-610E9364183A}.Release|Any CPU.Build.0 = Release|Any CPU
	EndGlobalSection
	GlobalSection(SolutionProperties) = preSolution
		HideSolutionNode = FALSE
	EndGlobalSection
EndGlobal
